
Microsoft Visual Studio Solution File, Format Version 12.00
# Visual Studio Version 17
VisualStudioVersion = 17.14.36202.13
MinimumVisualStudioVersion = 10.0.40219.1
Project("{FAE04EC0-301F-11D3-BF4B-00C04F79EFBC}") = "image to text", "image to text\image to text.csproj", "{40D5E3E2-7183-4039-BF0F-962FBF23EB6E}"
EndProject
Global
	GlobalSection(SolutionConfigurationPlatforms) = preSolution
		Debug|Any CPU = Debug|Any CPU
		Release|Any CPU = Release|Any CPU
	EndGlobalSection
	GlobalSection(ProjectConfigurationPlatforms) = postSolution
		{40D5E3E2-7183-4039-BF0F-962FBF23EB6E}.Debug|Any CPU.ActiveCfg = Debug|Any CPU
		{40D5E3E2-7183-4039-BF0F-962FBF23EB6E}.Debug|Any CPU.Build.0 = Debug|Any CPU
		{40D5E3E2-7183-4039-BF0F-962FBF23EB6E}.Release|Any CPU.ActiveCfg = Release|Any CPU
		{40D5E3E2-7183-4039-BF0F-962FBF23EB6E}.Release|Any CPU.Build.0 = Release|Any CPU
	EndGlobalSection
	GlobalSection(SolutionProperties) = preSolution
		HideSolutionNode = FALSE
	EndGlobalSection
	GlobalSection(ExtensibilityGlobals) = postSolution
		SolutionGuid = {BC5C1684-C166-4502-AB7C-487A49F4BB36}
	EndGlobalSection
EndGlobal
